
Microsoft Visual Studio Solution File, Format Version 12.00
# Visual Studio Version 17
VisualStudioVersion = 17.6.33717.318
MinimumVisualStudioVersion = 10.0.40219.1
Project("{FAE04EC0-301F-11D3-BF4B-00C04F79EFBC}") = "TicTacToe-KAG", "TicTacToe-KAG\TicTacToe-KAG.csproj", "{CCE2730F-F0B3-408B-A78B-9D37FE70B690}"
EndProject
Project("{FAE04EC0-301F-11D3-BF4B-00C04F79EFBC}") = "ConsoleApp1", "..\..\Repository1\ConsoleApp1\ConsoleApp1.csproj", "{F4A57B24-E910-482A-90E1-EB6562CB19B3}"
EndProject
Global
	GlobalSection(SolutionConfigurationPlatforms) = preSolution
		Debug|Any CPU = Debug|Any CPU
		Release|Any CPU = Release|Any CPU
	EndGlobalSection
	GlobalSection(ProjectConfigurationPlatforms) = postSolution
		{CCE2730F-F0B3-408B-A78B-9D37FE70B690}.Debug|Any CPU.ActiveCfg = Debug|Any CPU
		{CCE2730F-F0B3-408B-A78B-9D37FE70B690}.Debug|Any CPU.Build.0 = Debug|Any CPU
		{CCE2730F-F0B3-408B-A78B-9D37FE70B690}.Release|Any CPU.ActiveCfg = Release|Any CPU
		{CCE2730F-F0B3-408B-A78B-9D37FE70B690}.Release|Any CPU.Build.0 = Release|Any CPU
		{F4A57B24-E910-482A-90E1-EB6562CB19B3}.Debug|Any CPU.ActiveCfg = Debug|Any CPU
		{F4A57B24-E910-482A-90E1-EB6562CB19B3}.Debug|Any CPU.Build.0 = Debug|Any CPU
		{F4A57B24-E910-482A-90E1-EB6562CB19B3}.Release|Any CPU.ActiveCfg = Release|Any CPU
		{F4A57B24-E910-482A-90E1-EB6562CB19B3}.Release|Any CPU.Build.0 = Release|Any CPU
	EndGlobalSection
	GlobalSection(SolutionProperties) = preSolution
		HideSolutionNode = FALSE
	EndGlobalSection
	GlobalSection(ExtensibilityGlobals) = postSolution
		SolutionGuid = {F1243354-4A85-4093-AB00-96B621C9EE8E}
	EndGlobalSection
EndGlobal
